
Microsoft Visual Studio Solution File, Format Version 12.00
# Visual Studio Version 17
VisualStudioVersion = 17.9.34723.18
MinimumVisualStudioVersion = 10.0.40219.1
Project("{FAE04EC0-301F-11D3-BF4B-00C04F79EFBC}") = "Redis-Sample1", "Redis-Sample1.csproj", "{430801F9-2782-4165-9F1E-7DAAC8B9A712}"
EndProject
Global
	GlobalSection(SolutionConfigurationPlatforms) = preSolution
		Debug|Any CPU = Debug|Any CPU
		Release|Any CPU = Release|Any CPU
	EndGlobalSection
	GlobalSection(ProjectConfigurationPlatforms) = postSolution
		{430801F9-2782-4165-9F1E-7DAAC8B9A712}.Debug|Any CPU.ActiveCfg = Debug|Any CPU
		{430801F9-2782-4165-9F1E-7DAAC8B9A712}.Debug|Any CPU.Build.0 = Debug|Any CPU
		{430801F9-2782-4165-9F1E-7DAAC8B9A712}.Release|Any CPU.ActiveCfg = Release|Any CPU
		{430801F9-2782-4165-9F1E-7DAAC8B9A712}.Release|Any CPU.Build.0 = Release|Any CPU
	EndGlobalSection
	GlobalSection(SolutionProperties) = preSolution
		HideSolutionNode = FALSE
	EndGlobalSection
	GlobalSection(ExtensibilityGlobals) = postSolution
		SolutionGuid = {ACC41AE0-B4BF-42A5-8769-EBEDD499AFFD}
	EndGlobalSection
EndGlobal
