
Microsoft Visual Studio Solution File, Format Version 12.00
# Visual Studio Version 17
VisualStudioVersion = 17.9.34616.47
MinimumVisualStudioVersion = 10.0.40219.1
Project("{FAE04EC0-301F-11D3-BF4B-00C04F79EFBC}") = "BookStore", "BookStore.csproj", "{D1545DD9-C7EF-41B9-AC63-B6698AB8D372}"
EndProject
Global
	GlobalSection(SolutionConfigurationPlatforms) = preSolution
		Debug|Any CPU = Debug|Any CPU
		Release|Any CPU = Release|Any CPU
	EndGlobalSection
	GlobalSection(ProjectConfigurationPlatforms) = postSolution
		{D1545DD9-C7EF-41B9-AC63-B6698AB8D372}.Debug|Any CPU.ActiveCfg = Debug|Any CPU
		{D1545DD9-C7EF-41B9-AC63-B6698AB8D372}.Debug|Any CPU.Build.0 = Debug|Any CPU
		{D1545DD9-C7EF-41B9-AC63-B6698AB8D372}.Release|Any CPU.ActiveCfg = Release|Any CPU
		{D1545DD9-C7EF-41B9-AC63-B6698AB8D372}.Release|Any CPU.Build.0 = Release|Any CPU
	EndGlobalSection
	GlobalSection(SolutionProperties) = preSolution
		HideSolutionNode = FALSE
	EndGlobalSection
	GlobalSection(ExtensibilityGlobals) = postSolution
		SolutionGuid = {231F6AFA-8B8C-430E-850D-736E8A8381D9}
	EndGlobalSection
EndGlobal
