
Microsoft Visual Studio Solution File, Format Version 12.00
# Visual Studio Version 17
VisualStudioVersion = 17.9.34723.18
MinimumVisualStudioVersion = 10.0.40219.1
Project("{FAE04EC0-301F-11D3-BF4B-00C04F79EFBC}") = "WhenAll", "WhenAll.csproj", "{38C23AC3-89B6-448C-B862-76A6AFE8F5EB}"
EndProject
Global
	GlobalSection(SolutionConfigurationPlatforms) = preSolution
		Debug|Any CPU = Debug|Any CPU
		Release|Any CPU = Release|Any CPU
	EndGlobalSection
	GlobalSection(ProjectConfigurationPlatforms) = postSolution
		{38C23AC3-89B6-448C-B862-76A6AFE8F5EB}.Debug|Any CPU.ActiveCfg = Debug|Any CPU
		{38C23AC3-89B6-448C-B862-76A6AFE8F5EB}.Debug|Any CPU.Build.0 = Debug|Any CPU
		{38C23AC3-89B6-448C-B862-76A6AFE8F5EB}.Release|Any CPU.ActiveCfg = Release|Any CPU
		{38C23AC3-89B6-448C-B862-76A6AFE8F5EB}.Release|Any CPU.Build.0 = Release|Any CPU
	EndGlobalSection
	GlobalSection(SolutionProperties) = preSolution
		HideSolutionNode = FALSE
	EndGlobalSection
	GlobalSection(ExtensibilityGlobals) = postSolution
		SolutionGuid = {EF9A1181-EC49-42C0-ADB4-49364A0A8C4A}
	EndGlobalSection
EndGlobal
