
Microsoft Visual Studio Solution File, Format Version 12.00
# Visual Studio Version 17
VisualStudioVersion = 17.9.34723.18
MinimumVisualStudioVersion = 10.0.40219.1
Project("{FAE04EC0-301F-11D3-BF4B-00C04F79EFBC}") = "Redis-Sample", "Redis-Sample.csproj", "{9F0F7FD5-7CB5-47FB-A2FC-9E37536EC9CE}"
EndProject
Global
	GlobalSection(SolutionConfigurationPlatforms) = preSolution
		Debug|Any CPU = Debug|Any CPU
		Release|Any CPU = Release|Any CPU
	EndGlobalSection
	GlobalSection(ProjectConfigurationPlatforms) = postSolution
		{9F0F7FD5-7CB5-47FB-A2FC-9E37536EC9CE}.Debug|Any CPU.ActiveCfg = Debug|Any CPU
		{9F0F7FD5-7CB5-47FB-A2FC-9E37536EC9CE}.Debug|Any CPU.Build.0 = Debug|Any CPU
		{9F0F7FD5-7CB5-47FB-A2FC-9E37536EC9CE}.Release|Any CPU.ActiveCfg = Release|Any CPU
		{9F0F7FD5-7CB5-47FB-A2FC-9E37536EC9CE}.Release|Any CPU.Build.0 = Release|Any CPU
	EndGlobalSection
	GlobalSection(SolutionProperties) = preSolution
		HideSolutionNode = FALSE
	EndGlobalSection
	GlobalSection(ExtensibilityGlobals) = postSolution
		SolutionGuid = {D4AF1BFF-847D-42F8-A862-EC3A3ED1CD3A}
	EndGlobalSection
EndGlobal
