
Microsoft Visual Studio Solution File, Format Version 12.00
# Visual Studio Version 17
VisualStudioVersion = 17.9.34616.47
MinimumVisualStudioVersion = 10.0.40219.1
Project("{FAE04EC0-301F-11D3-BF4B-00C04F79EFBC}") = "LibraryClasses", "LibraryClasses.csproj", "{F78A8E6B-9104-4400-B74C-05C3C19AA9B0}"
EndProject
Global
	GlobalSection(SolutionConfigurationPlatforms) = preSolution
		Debug|Any CPU = Debug|Any CPU
		Release|Any CPU = Release|Any CPU
	EndGlobalSection
	GlobalSection(ProjectConfigurationPlatforms) = postSolution
		{F78A8E6B-9104-4400-B74C-05C3C19AA9B0}.Debug|Any CPU.ActiveCfg = Debug|Any CPU
		{F78A8E6B-9104-4400-B74C-05C3C19AA9B0}.Debug|Any CPU.Build.0 = Debug|Any CPU
		{F78A8E6B-9104-4400-B74C-05C3C19AA9B0}.Release|Any CPU.ActiveCfg = Release|Any CPU
		{F78A8E6B-9104-4400-B74C-05C3C19AA9B0}.Release|Any CPU.Build.0 = Release|Any CPU
	EndGlobalSection
	GlobalSection(SolutionProperties) = preSolution
		HideSolutionNode = FALSE
	EndGlobalSection
	GlobalSection(ExtensibilityGlobals) = postSolution
		SolutionGuid = {704C2D95-1FC5-4EC3-A77E-A66236085358}
	EndGlobalSection
EndGlobal
