
Microsoft Visual Studio Solution File, Format Version 12.00
# Visual Studio Version 17
VisualStudioVersion = 17.9.34616.47
MinimumVisualStudioVersion = 10.0.40219.1
Project("{FAE04EC0-301F-11D3-BF4B-00C04F79EFBC}") = "WebCrawler", "WebCrawler.csproj", "{99F11766-3A2E-4E31-8ABA-62E4FA68EA4D}"
EndProject
Global
	GlobalSection(SolutionConfigurationPlatforms) = preSolution
		Debug|Any CPU = Debug|Any CPU
		Release|Any CPU = Release|Any CPU
	EndGlobalSection
	GlobalSection(ProjectConfigurationPlatforms) = postSolution
		{99F11766-3A2E-4E31-8ABA-62E4FA68EA4D}.Debug|Any CPU.ActiveCfg = Debug|Any CPU
		{99F11766-3A2E-4E31-8ABA-62E4FA68EA4D}.Debug|Any CPU.Build.0 = Debug|Any CPU
		{99F11766-3A2E-4E31-8ABA-62E4FA68EA4D}.Release|Any CPU.ActiveCfg = Release|Any CPU
		{99F11766-3A2E-4E31-8ABA-62E4FA68EA4D}.Release|Any CPU.Build.0 = Release|Any CPU
	EndGlobalSection
	GlobalSection(SolutionProperties) = preSolution
		HideSolutionNode = FALSE
	EndGlobalSection
	GlobalSection(ExtensibilityGlobals) = postSolution
		SolutionGuid = {C89E1BE3-09EC-4D50-82F8-ECE0CDACE165}
	EndGlobalSection
EndGlobal
