
Microsoft Visual Studio Solution File, Format Version 12.00
# Visual Studio Version 17
VisualStudioVersion = 17.9.34723.18
MinimumVisualStudioVersion = 10.0.40219.1
Project("{FAE04EC0-301F-11D3-BF4B-00C04F79EFBC}") = "ToDoList", "ToDoList.csproj", "{A7BAB8D1-F650-460E-B009-AF3380600040}"
EndProject
Global
	GlobalSection(SolutionConfigurationPlatforms) = preSolution
		Debug|Any CPU = Debug|Any CPU
		Release|Any CPU = Release|Any CPU
	EndGlobalSection
	GlobalSection(ProjectConfigurationPlatforms) = postSolution
		{A7BAB8D1-F650-460E-B009-AF3380600040}.Debug|Any CPU.ActiveCfg = Debug|Any CPU
		{A7BAB8D1-F650-460E-B009-AF3380600040}.Debug|Any CPU.Build.0 = Debug|Any CPU
		{A7BAB8D1-F650-460E-B009-AF3380600040}.Release|Any CPU.ActiveCfg = Release|Any CPU
		{A7BAB8D1-F650-460E-B009-AF3380600040}.Release|Any CPU.Build.0 = Release|Any CPU
	EndGlobalSection
	GlobalSection(SolutionProperties) = preSolution
		HideSolutionNode = FALSE
	EndGlobalSection
	GlobalSection(ExtensibilityGlobals) = postSolution
		SolutionGuid = {E4ABF21C-9A1B-453D-9E88-99A51BA1CCCA}
	EndGlobalSection
EndGlobal
