
Microsoft Visual Studio Solution File, Format Version 12.00
# Visual Studio Version 17
VisualStudioVersion = 17.9.34616.47
MinimumVisualStudioVersion = 10.0.40219.1
Project("{FAE04EC0-301F-11D3-BF4B-00C04F79EFBC}") = "DatabaseFirst", "DatabaseFirst.csproj", "{1BB7050B-A00D-45D9-8404-1A363F704DA8}"
EndProject
Global
	GlobalSection(SolutionConfigurationPlatforms) = preSolution
		Debug|Any CPU = Debug|Any CPU
		Release|Any CPU = Release|Any CPU
	EndGlobalSection
	GlobalSection(ProjectConfigurationPlatforms) = postSolution
		{1BB7050B-A00D-45D9-8404-1A363F704DA8}.Debug|Any CPU.ActiveCfg = Debug|Any CPU
		{1BB7050B-A00D-45D9-8404-1A363F704DA8}.Debug|Any CPU.Build.0 = Debug|Any CPU
		{1BB7050B-A00D-45D9-8404-1A363F704DA8}.Release|Any CPU.ActiveCfg = Release|Any CPU
		{1BB7050B-A00D-45D9-8404-1A363F704DA8}.Release|Any CPU.Build.0 = Release|Any CPU
	EndGlobalSection
	GlobalSection(SolutionProperties) = preSolution
		HideSolutionNode = FALSE
	EndGlobalSection
	GlobalSection(ExtensibilityGlobals) = postSolution
		SolutionGuid = {E3B3043E-4DF0-420F-9255-6A08064D20BA}
	EndGlobalSection
EndGlobal
