
Microsoft Visual Studio Solution File, Format Version 12.00
# Visual Studio Version 17
VisualStudioVersion = 17.9.34616.47
MinimumVisualStudioVersion = 10.0.40219.1
Project("{FAE04EC0-301F-11D3-BF4B-00C04F79EFBC}") = "Dictionary", "Dictionary.csproj", "{2536359A-8F8B-4DF8-9401-3B30F8871EAC}"
EndProject
Global
	GlobalSection(SolutionConfigurationPlatforms) = preSolution
		Debug|Any CPU = Debug|Any CPU
		Release|Any CPU = Release|Any CPU
	EndGlobalSection
	GlobalSection(ProjectConfigurationPlatforms) = postSolution
		{2536359A-8F8B-4DF8-9401-3B30F8871EAC}.Debug|Any CPU.ActiveCfg = Debug|Any CPU
		{2536359A-8F8B-4DF8-9401-3B30F8871EAC}.Debug|Any CPU.Build.0 = Debug|Any CPU
		{2536359A-8F8B-4DF8-9401-3B30F8871EAC}.Release|Any CPU.ActiveCfg = Release|Any CPU
		{2536359A-8F8B-4DF8-9401-3B30F8871EAC}.Release|Any CPU.Build.0 = Release|Any CPU
	EndGlobalSection
	GlobalSection(SolutionProperties) = preSolution
		HideSolutionNode = FALSE
	EndGlobalSection
	GlobalSection(ExtensibilityGlobals) = postSolution
		SolutionGuid = {D3E53AA7-F76E-46C4-A581-2C0D53166932}
	EndGlobalSection
EndGlobal
