
Microsoft Visual Studio Solution File, Format Version 12.00
# Visual Studio Version 17
VisualStudioVersion = 17.9.34723.18
MinimumVisualStudioVersion = 10.0.40219.1
Project("{FAE04EC0-301F-11D3-BF4B-00C04F79EFBC}") = "ZombieShooter", "ZombieShooter.csproj", "{35CA7C3D-BBBD-44F0-9B6B-C66F8E43058E}"
EndProject
Global
	GlobalSection(SolutionConfigurationPlatforms) = preSolution
		Debug|Any CPU = Debug|Any CPU
		Release|Any CPU = Release|Any CPU
	EndGlobalSection
	GlobalSection(ProjectConfigurationPlatforms) = postSolution
		{35CA7C3D-BBBD-44F0-9B6B-C66F8E43058E}.Debug|Any CPU.ActiveCfg = Debug|Any CPU
		{35CA7C3D-BBBD-44F0-9B6B-C66F8E43058E}.Debug|Any CPU.Build.0 = Debug|Any CPU
		{35CA7C3D-BBBD-44F0-9B6B-C66F8E43058E}.Release|Any CPU.ActiveCfg = Release|Any CPU
		{35CA7C3D-BBBD-44F0-9B6B-C66F8E43058E}.Release|Any CPU.Build.0 = Release|Any CPU
	EndGlobalSection
	GlobalSection(SolutionProperties) = preSolution
		HideSolutionNode = FALSE
	EndGlobalSection
	GlobalSection(ExtensibilityGlobals) = postSolution
		SolutionGuid = {F010983E-7826-4AF0-BE96-903592D13D4C}
	EndGlobalSection
EndGlobal
