
Microsoft Visual Studio Solution File, Format Version 12.00
# Visual Studio Version 17
VisualStudioVersion = 17.9.34616.47
MinimumVisualStudioVersion = 10.0.40219.1
Project("{FAE04EC0-301F-11D3-BF4B-00C04F79EFBC}") = "CarRental", "CarRental.csproj", "{D0543F0C-2836-43BF-8B95-990A3A095083}"
EndProject
Project("{FAE04EC0-301F-11D3-BF4B-00C04F79EFBC}") = "ClassLibrary2", "..\ClassLibrary2\ClassLibrary2.csproj", "{A89B9ED4-1045-4AF6-80E2-A187FFA2B7C7}"
EndProject
Global
	GlobalSection(SolutionConfigurationPlatforms) = preSolution
		Debug|Any CPU = Debug|Any CPU
		Release|Any CPU = Release|Any CPU
	EndGlobalSection
	GlobalSection(ProjectConfigurationPlatforms) = postSolution
		{D0543F0C-2836-43BF-8B95-990A3A095083}.Debug|Any CPU.ActiveCfg = Debug|Any CPU
		{D0543F0C-2836-43BF-8B95-990A3A095083}.Debug|Any CPU.Build.0 = Debug|Any CPU
		{D0543F0C-2836-43BF-8B95-990A3A095083}.Release|Any CPU.ActiveCfg = Release|Any CPU
		{D0543F0C-2836-43BF-8B95-990A3A095083}.Release|Any CPU.Build.0 = Release|Any CPU
		{A89B9ED4-1045-4AF6-80E2-A187FFA2B7C7}.Debug|Any CPU.ActiveCfg = Debug|Any CPU
		{A89B9ED4-1045-4AF6-80E2-A187FFA2B7C7}.Debug|Any CPU.Build.0 = Debug|Any CPU
		{A89B9ED4-1045-4AF6-80E2-A187FFA2B7C7}.Release|Any CPU.ActiveCfg = Release|Any CPU
		{A89B9ED4-1045-4AF6-80E2-A187FFA2B7C7}.Release|Any CPU.Build.0 = Release|Any CPU
	EndGlobalSection
	GlobalSection(SolutionProperties) = preSolution
		HideSolutionNode = FALSE
	EndGlobalSection
	GlobalSection(ExtensibilityGlobals) = postSolution
		SolutionGuid = {1B3D3F7B-18F2-44D7-802C-D7380676F6B8}
	EndGlobalSection
EndGlobal
